
Microsoft Visual Studio Solution File, Format Version 12.00
# Visual Studio Version 17
VisualStudioVersion = 17.4.33110.190
MinimumVisualStudioVersion = 10.0.40219.1
Project("{9A19103F-16F7-4668-BE54-9A1E7A4F7556}") = "MovieDTO", "MovieDTO\MovieDTO.csproj", "{007567A4-F0E1-4E1A-9CB4-D4FA48DD1D55}"
EndProject
Project("{9A19103F-16F7-4668-BE54-9A1E7A4F7556}") = "MovieDomain", "MovieDomain\MovieDomain.csproj", "{3856353E-32AA-47A9-AF8E-C32283A4AA58}"
EndProject
Project("{9A19103F-16F7-4668-BE54-9A1E7A4F7556}") = "MovieConsole", "MovieConsole\MovieConsole.csproj", "{EAAEB772-574B-4694-B074-AE996336FC50}"
EndProject
Project("{9A19103F-16F7-4668-BE54-9A1E7A4F7556}") = "Repository", "Repository\Repository.csproj", "{D107BA99-093D-4BC2-A815-32670908F85C}"
EndProject
Project("{FAE04EC0-301F-11D3-BF4B-00C04F79EFBC}") = "MovieApiHandler", "MovieApiHandler\MovieApiHandler.csproj", "{DC829D43-DB97-4346-8C20-4640AC95730A}"
EndProject
Global
	GlobalSection(SolutionConfigurationPlatforms) = preSolution
		Debug|Any CPU = Debug|Any CPU
		Release|Any CPU = Release|Any CPU
	EndGlobalSection
	GlobalSection(ProjectConfigurationPlatforms) = postSolution
		{007567A4-F0E1-4E1A-9CB4-D4FA48DD1D55}.Debug|Any CPU.ActiveCfg = Debug|Any CPU
		{007567A4-F0E1-4E1A-9CB4-D4FA48DD1D55}.Debug|Any CPU.Build.0 = Debug|Any CPU
		{007567A4-F0E1-4E1A-9CB4-D4FA48DD1D55}.Release|Any CPU.ActiveCfg = Release|Any CPU
		{007567A4-F0E1-4E1A-9CB4-D4FA48DD1D55}.Release|Any CPU.Build.0 = Release|Any CPU
		{3856353E-32AA-47A9-AF8E-C32283A4AA58}.Debug|Any CPU.ActiveCfg = Debug|Any CPU
		{3856353E-32AA-47A9-AF8E-C32283A4AA58}.Debug|Any CPU.Build.0 = Debug|Any CPU
		{3856353E-32AA-47A9-AF8E-C32283A4AA58}.Release|Any CPU.ActiveCfg = Release|Any CPU
		{3856353E-32AA-47A9-AF8E-C32283A4AA58}.Release|Any CPU.Build.0 = Release|Any CPU
		{EAAEB772-574B-4694-B074-AE996336FC50}.Debug|Any CPU.ActiveCfg = Debug|Any CPU
		{EAAEB772-574B-4694-B074-AE996336FC50}.Debug|Any CPU.Build.0 = Debug|Any CPU
		{EAAEB772-574B-4694-B074-AE996336FC50}.Release|Any CPU.ActiveCfg = Release|Any CPU
		{EAAEB772-574B-4694-B074-AE996336FC50}.Release|Any CPU.Build.0 = Release|Any CPU
		{D107BA99-093D-4BC2-A815-32670908F85C}.Debug|Any CPU.ActiveCfg = Debug|Any CPU
		{D107BA99-093D-4BC2-A815-32670908F85C}.Debug|Any CPU.Build.0 = Debug|Any CPU
		{D107BA99-093D-4BC2-A815-32670908F85C}.Release|Any CPU.ActiveCfg = Release|Any CPU
		{D107BA99-093D-4BC2-A815-32670908F85C}.Release|Any CPU.Build.0 = Release|Any CPU
		{DC829D43-DB97-4346-8C20-4640AC95730A}.Debug|Any CPU.ActiveCfg = Debug|Any CPU
		{DC829D43-DB97-4346-8C20-4640AC95730A}.Debug|Any CPU.Build.0 = Debug|Any CPU
		{DC829D43-DB97-4346-8C20-4640AC95730A}.Release|Any CPU.ActiveCfg = Release|Any CPU
		{DC829D43-DB97-4346-8C20-4640AC95730A}.Release|Any CPU.Build.0 = Release|Any CPU
	EndGlobalSection
	GlobalSection(SolutionProperties) = preSolution
		HideSolutionNode = FALSE
	EndGlobalSection
	GlobalSection(ExtensibilityGlobals) = postSolution
		SolutionGuid = {E1C0C315-E03B-4237-9189-60702899DE7D}
	EndGlobalSection
EndGlobal
